
Microsoft Visual Studio Solution File, Format Version 12.00
# Visual Studio Version 17
VisualStudioVersion = 17.7.34003.232
MinimumVisualStudioVersion = 10.0.40219.1
Project("{FAE04EC0-301F-11D3-BF4B-00C04F79EFBC}") = "DSR", "DSR.csproj", "{07583CF1-78E9-4C98-BEF8-A72AD2B40D69}"
EndProject
Project("{FAE04EC0-301F-11D3-BF4B-00C04F79EFBC}") = "DSR-DataAccess", "..\DSR-DataAccess\DSR-DataAccess.csproj", "{0B8527AE-65A7-406B-8992-1402D6CE6995}"
EndProject
Global
	GlobalSection(SolutionConfigurationPlatforms) = preSolution
		Debug|Any CPU = Debug|Any CPU
		Release|Any CPU = Release|Any CPU
	EndGlobalSection
	GlobalSection(ProjectConfigurationPlatforms) = postSolution
		{07583CF1-78E9-4C98-BEF8-A72AD2B40D69}.Debug|Any CPU.ActiveCfg = Debug|Any CPU
		{07583CF1-78E9-4C98-BEF8-A72AD2B40D69}.Debug|Any CPU.Build.0 = Debug|Any CPU
		{07583CF1-78E9-4C98-BEF8-A72AD2B40D69}.Release|Any CPU.ActiveCfg = Release|Any CPU
		{07583CF1-78E9-4C98-BEF8-A72AD2B40D69}.Release|Any CPU.Build.0 = Release|Any CPU
		{0B8527AE-65A7-406B-8992-1402D6CE6995}.Debug|Any CPU.ActiveCfg = Debug|Any CPU
		{0B8527AE-65A7-406B-8992-1402D6CE6995}.Debug|Any CPU.Build.0 = Debug|Any CPU
		{0B8527AE-65A7-406B-8992-1402D6CE6995}.Release|Any CPU.ActiveCfg = Release|Any CPU
		{0B8527AE-65A7-406B-8992-1402D6CE6995}.Release|Any CPU.Build.0 = Release|Any CPU
	EndGlobalSection
	GlobalSection(SolutionProperties) = preSolution
		HideSolutionNode = FALSE
	EndGlobalSection
	GlobalSection(ExtensibilityGlobals) = postSolution
		SolutionGuid = {1FBA65C7-D49F-4E0B-AD51-E7D01CF4BFC3}
	EndGlobalSection
EndGlobal
